<?xml version="1.0" encoding="utf-8"?>
<Project ToolsVersion="4.0" xmlns="http://schemas.microsoft.com/developer/msbuild/2003">
  <ItemGroup>
    <Filter Include="Source Files">
      <UniqueIdentifier>{4FC737F1-C7A5-4376-A066-2A32D752A2FF}</UniqueIdentifier>
      <Extensions>cpp;c;cc;cxx;c++;cppm;ixx;def;odl;idl;hpj;bat;asm;asmx</Extensions>
    </Filter>
    <Filter Include="Header Files">
      <UniqueIdentifier>{93995380-89BD-4b04-88EB-625FBE52EBFB}</UniqueIdentifier>
      <Extensions>h;hh;hpp;hxx;h++;hm;inl;inc;ipp;xsd</Extensions>
    </Filter>
    <Filter Include="Resource Files">
      <UniqueIdentifier>{67DA6AB6-F800-4c08-8B7A-83BB121AAD01}</UniqueIdentifier>
      <Extensions>rc;ico;cur;bmp;dlg;rc2;rct;bin;rgs;gif;jpg;jpeg;jpe;resx;tiff;tif;png;wav;mfcribbon-ms</Extensions>
    </Filter>
  </ItemGroup>
  <ItemGroup>
    <ClCompile Include="src\scenes\TitleScreen.cpp">
      <Filter>Source Files</Filter>
    </ClCompile>
    <ClCompile Include="src\scenes\GameOver.cpp">
      <Filter>Source Files</Filter>
    </ClCompile>
    <ClCompile Include="src\scenes\InGame.cpp">
      <Filter>Source Files</Filter>
    </ClCompile>
    <ClCompile Include="src\scenes\Preload.cpp">
      <Filter>Source Files</Filter>
    </ClCompile>
    <ClCompile Include="src\scenes\HUD.cpp">
      <Filter>Source Files</Filter>
    </ClCompile>
    <ClCompile Include="src\scenes\InventoryUI.cpp">
      <Filter>Source Files</Filter>
    </ClCompile>
    <ClCompile Include="src\Utils.cpp">
      <Filter>Source Files</Filter>
    </ClCompile>
    <ClCompile Include="src\scenes\MapUI.cpp">
      <Filter>Source Files</Filter>
    </ClCompile>
    <ClCompile Include="src\scenes\StartMenu.cpp">
      <Filter>Source Files</Filter>
    </ClCompile>
    <ClCompile Include="src\scenes\SelectMenu.cpp">
      <Filter>Source Files</Filter>
    </ClCompile>
    <ClCompile Include="src\scenes\SoundTest.cpp">
      <Filter>Source Files</Filter>
    </ClCompile>
    <ClCompile Include="src\scenes\LoadSavegameMenu.cpp">
      <Filter>Source Files</Filter>
    </ClCompile>
    <ClCompile Include="src\scenes\WriteSavegameMenu.cpp">
      <Filter>Source Files</Filter>
    </ClCompile>
    <ClCompile Include="src\rendering\CameraController.cpp">
      <Filter>Source Files</Filter>
    </ClCompile>
    <ClCompile Include="src\rendering\CircleOverlay.cpp">
      <Filter>Source Files</Filter>
    </ClCompile>
    <ClCompile Include="src\assets\AssetLoader.cpp">
      <Filter>Source Files</Filter>
    </ClCompile>
    <ClCompile Include="src\assets\InventoryManager.cpp">
      <Filter>Source Files</Filter>
    </ClCompile>
    <ClCompile Include="src\assets\ItemData.cpp">
      <Filter>Source Files</Filter>
    </ClCompile>
    <ClCompile Include="src\core\Controls.cpp">
      <Filter>Source Files</Filter>
    </ClCompile>
    <ClCompile Include="src\core\EventManager.cpp">
      <Filter>Source Files</Filter>
    </ClCompile>
    <ClCompile Include="src\core\Game.cpp">
      <Filter>Source Files</Filter>
    </ClCompile>
    <ClCompile Include="src\core\Main.cpp">
      <Filter>Source Files</Filter>
    </ClCompile>
    <ClCompile Include="src\core\Savegame.cpp">
      <Filter>Source Files</Filter>
    </ClCompile>
    <ClCompile Include="src\cutscenes\Commands.cpp">
      <Filter>Source Files</Filter>
    </ClCompile>
    <ClCompile Include="src\cutscenes\CutsceneManager.cpp">
      <Filter>Source Files</Filter>
    </ClCompile>
    <ClCompile Include="src\cutscenes\Events.cpp">
      <Filter>Source Files</Filter>
    </ClCompile>
    <ClCompile Include="src\entities\behaviors\ChaseBehavior.cpp">
      <Filter>Source Files</Filter>
    </ClCompile>
    <ClCompile Include="src\entities\behaviors\ChestBehavior.cpp">
      <Filter>Source Files</Filter>
    </ClCompile>
    <ClCompile Include="src\entities\behaviors\CollectItemBehavior.cpp">
      <Filter>Source Files</Filter>
    </ClCompile>
    <ClCompile Include="src\entities\behaviors\DeathBehavior.cpp">
      <Filter>Source Files</Filter>
    </ClCompile>
    <ClCompile Include="src\entities\behaviors\DialogueBehavior.cpp">
      <Filter>Source Files</Filter>
    </ClCompile>
    <ClCompile Include="src\entities\behaviors\EmitterBehavior.cpp">
      <Filter>Source Files</Filter>
    </ClCompile>
    <ClCompile Include="src\entities\behaviors\HealBehavior.cpp">
      <Filter>Source Files</Filter>
    </ClCompile>
    <ClCompile Include="src\entities\behaviors\KiteBehavior.cpp">
      <Filter>Source Files</Filter>
    </ClCompile>
    <ClCompile Include="src\entities\behaviors\LungeBehavior.cpp">
      <Filter>Source Files</Filter>
    </ClCompile>
    <ClCompile Include="src\entities\behaviors\OpenLockBehavior.cpp">
      <Filter>Source Files</Filter>
    </ClCompile>
    <ClCompile Include="src\entities\behaviors\ProjectileBehavior.cpp">
      <Filter>Source Files</Filter>
    </ClCompile>
    <ClCompile Include="src\entities\behaviors\RandomWalkBehavior.cpp">
      <Filter>Source Files</Filter>
    </ClCompile>
    <ClCompile Include="src\entities\behaviors\ShootBehavior.cpp">
      <Filter>Source Files</Filter>
    </ClCompile>
    <ClCompile Include="src\entities\behaviors\ShootBurstBehavior.cpp">
      <Filter>Source Files</Filter>
    </ClCompile>
    <ClCompile Include="src\entities\behaviors\ShootSpreadBehavior.cpp">
      <Filter>Source Files</Filter>
    </ClCompile>
    <ClCompile Include="src\entities\behaviors\TeleportBehavior.cpp">
      <Filter>Source Files</Filter>
    </ClCompile>
    <ClCompile Include="src\entities\behaviors\TradeItemBehavior.cpp">
      <Filter>Source Files</Filter>
    </ClCompile>
    <ClCompile Include="src\entities\behaviors\WatchBehavior.cpp">
      <Filter>Source Files</Filter>
    </ClCompile>
    <ClCompile Include="src\entities\behaviors\WeaponBehavior.cpp">
      <Filter>Source Files</Filter>
    </ClCompile>
    <ClCompile Include="src\entities\Behavior.cpp">
      <Filter>Source Files</Filter>
    </ClCompile>
    <ClCompile Include="src\entities\Sprite.cpp">
      <Filter>Source Files</Filter>
    </ClCompile>
    <ClCompile Include="src\entities\StateMachine.cpp">
      <Filter>Source Files</Filter>
    </ClCompile>
    <ClCompile Include="src\particles\Emitter.cpp">
      <Filter>Source Files</Filter>
    </ClCompile>
    <ClCompile Include="src\particles\Particle.cpp">
      <Filter>Source Files</Filter>
    </ClCompile>
    <ClCompile Include="src\ui\MenuSelect.cpp">
      <Filter>Source Files</Filter>
    </ClCompile>
    <ClCompile Include="src\ui\TextBox.cpp">
      <Filter>Source Files</Filter>
    </ClCompile>
    <ClCompile Include="src\world\Dungeon.cpp">
      <Filter>Source Files</Filter>
    </ClCompile>
    <ClCompile Include="src\world\TileMap.cpp">
      <Filter>Source Files</Filter>
    </ClCompile>
    <ClCompile Include="src\world\TilemapRenderer.cpp">
      <Filter>Source Files</Filter>
    </ClCompile>
    <ClCompile Include="src\world\WorldGraph.cpp">
      <Filter>Source Files</Filter>
    </ClCompile>
    <ClCompile Include="src\scenes\DebugMenu.cpp">
      <Filter>Source Files</Filter>
    </ClCompile>
    <ClCompile Include="src\entities\behaviors\StairsBehavior.cpp">
      <Filter>Source Files</Filter>
    </ClCompile>
  </ItemGroup>
  <ItemGroup>
    <ClInclude Include="src\scenes\TitleScreen.h">
      <Filter>Header Files</Filter>
    </ClInclude>
    <ClInclude Include="src\scenes\GameOver.h">
      <Filter>Header Files</Filter>
    </ClInclude>
    <ClInclude Include="src\scenes\InGame.h">
      <Filter>Header Files</Filter>
    </ClInclude>
    <ClInclude Include="src\scenes\Preload.h">
      <Filter>Header Files</Filter>
    </ClInclude>
    <ClInclude Include="src\scenes\HUD.h">
      <Filter>Header Files</Filter>
    </ClInclude>
    <ClInclude Include="src\Utils.h">
      <Filter>Header Files</Filter>
    </ClInclude>
    <ClInclude Include="resource.h">
      <Filter>Header Files</Filter>
    </ClInclude>
    <ClInclude Include="src\scenes\InventoryUI.h">
      <Filter>Header Files</Filter>
    </ClInclude>
    <ClInclude Include="src\scenes\MapUI.h">
      <Filter>Header Files</Filter>
    </ClInclude>
    <ClInclude Include="src\scenes\StartMenu.h">
      <Filter>Header Files</Filter>
    </ClInclude>
    <ClInclude Include="src\scenes\SelectMenu.h">
      <Filter>Header Files</Filter>
    </ClInclude>
    <ClInclude Include="src\scenes\SoundTest.h">
      <Filter>Header Files</Filter>
    </ClInclude>
    <ClInclude Include="src\scenes\LoadSavegameMenu.h">
      <Filter>Header Files</Filter>
    </ClInclude>
    <ClInclude Include="src\scenes\WriteSavegameMenu.h">
      <Filter>Header Files</Filter>
    </ClInclude>
    <ClInclude Include="src\tests\TestWorldGraph.h">
      <Filter>Header Files</Filter>
    </ClInclude>
    <ClInclude Include="src\rendering\CircleOverlay.h">
      <Filter>Header Files</Filter>
    </ClInclude>
    <ClInclude Include="src\rendering\CameraController.h">
      <Filter>Header Files</Filter>
    </ClInclude>
    <ClInclude Include="src\assets\AssetLoader.h">
      <Filter>Header Files</Filter>
    </ClInclude>
    <ClInclude Include="src\assets\InventoryManager.h">
      <Filter>Header Files</Filter>
    </ClInclude>
    <ClInclude Include="src\assets\ItemData.h">
      <Filter>Header Files</Filter>
    </ClInclude>
    <ClInclude Include="src\core\Controls.h">
      <Filter>Header Files</Filter>
    </ClInclude>
    <ClInclude Include="src\core\EventManager.h">
      <Filter>Header Files</Filter>
    </ClInclude>
    <ClInclude Include="src\core\EventNames.h">
      <Filter>Header Files</Filter>
    </ClInclude>
    <ClInclude Include="src\core\Game.h">
      <Filter>Header Files</Filter>
    </ClInclude>
    <ClInclude Include="src\core\Savegame.h">
      <Filter>Header Files</Filter>
    </ClInclude>
    <ClInclude Include="src\core\Scene.h">
      <Filter>Header Files</Filter>
    </ClInclude>
    <ClInclude Include="src\cutscenes\Commands.h">
      <Filter>Header Files</Filter>
    </ClInclude>
    <ClInclude Include="src\cutscenes\CutsceneManager.h">
      <Filter>Header Files</Filter>
    </ClInclude>
    <ClInclude Include="src\cutscenes\Events.h">
      <Filter>Header Files</Filter>
    </ClInclude>
    <ClInclude Include="src\entities\behaviors\ChaseBehavior.h">
      <Filter>Header Files</Filter>
    </ClInclude>
    <ClInclude Include="src\entities\behaviors\ChestBehavior.h">
      <Filter>Header Files</Filter>
    </ClInclude>
    <ClInclude Include="src\entities\behaviors\CollectItemBehavior.h">
      <Filter>Header Files</Filter>
    </ClInclude>
    <ClInclude Include="src\entities\behaviors\DeathBehavior.h">
      <Filter>Header Files</Filter>
    </ClInclude>
    <ClInclude Include="src\entities\behaviors\DialogueBehavior.h">
      <Filter>Header Files</Filter>
    </ClInclude>
    <ClInclude Include="src\entities\behaviors\EmitterBehavior.h">
      <Filter>Header Files</Filter>
    </ClInclude>
    <ClInclude Include="src\entities\behaviors\HealBehavior.h">
      <Filter>Header Files</Filter>
    </ClInclude>
    <ClInclude Include="src\entities\behaviors\KiteBehavior.h">
      <Filter>Header Files</Filter>
    </ClInclude>
    <ClInclude Include="src\entities\behaviors\LungeBehavior.h">
      <Filter>Header Files</Filter>
    </ClInclude>
    <ClInclude Include="src\entities\behaviors\OpenLockBehavior.h">
      <Filter>Header Files</Filter>
    </ClInclude>
    <ClInclude Include="src\entities\behaviors\ProjectileBehavior.h">
      <Filter>Header Files</Filter>
    </ClInclude>
    <ClInclude Include="src\entities\behaviors\RandomWalkBehavior.h">
      <Filter>Header Files</Filter>
    </ClInclude>
    <ClInclude Include="src\entities\behaviors\ShootBehavior.h">
      <Filter>Header Files</Filter>
    </ClInclude>
    <ClInclude Include="src\entities\behaviors\ShootBurstBehavior.h">
      <Filter>Header Files</Filter>
    </ClInclude>
    <ClInclude Include="src\entities\behaviors\ShootSpreadBehavior.h">
      <Filter>Header Files</Filter>
    </ClInclude>
    <ClInclude Include="src\entities\behaviors\TeleportBehavior.h">
      <Filter>Header Files</Filter>
    </ClInclude>
    <ClInclude Include="src\entities\behaviors\TradeItemBehavior.h">
      <Filter>Header Files</Filter>
    </ClInclude>
    <ClInclude Include="src\entities\behaviors\WatchBehavior.h">
      <Filter>Header Files</Filter>
    </ClInclude>
    <ClInclude Include="src\entities\behaviors\WeaponBehavior.h">
      <Filter>Header Files</Filter>
    </ClInclude>
    <ClInclude Include="src\entities\Behavior.h">
      <Filter>Header Files</Filter>
    </ClInclude>
    <ClInclude Include="src\entities\Sprite.h">
      <Filter>Header Files</Filter>
    </ClInclude>
    <ClInclude Include="src\entities\StateMachine.h">
      <Filter>Header Files</Filter>
    </ClInclude>
    <ClInclude Include="src\particles\Emitter.h">
      <Filter>Header Files</Filter>
    </ClInclude>
    <ClInclude Include="src\particles\Particle.h">
      <Filter>Header Files</Filter>
    </ClInclude>
    <ClInclude Include="src\ui\MenuSelect.h">
      <Filter>Header Files</Filter>
    </ClInclude>
    <ClInclude Include="src\ui\TextBox.h">
      <Filter>Header Files</Filter>
    </ClInclude>
    <ClInclude Include="src\world\Dungeon.h">
      <Filter>Header Files</Filter>
    </ClInclude>
    <ClInclude Include="src\world\TileMap.h">
      <Filter>Header Files</Filter>
    </ClInclude>
    <ClInclude Include="src\world\TilemapRenderer.h">
      <Filter>Header Files</Filter>
    </ClInclude>
    <ClInclude Include="src\world\WorldGraph.h">
      <Filter>Header Files</Filter>
    </ClInclude>
    <ClInclude Include="src\scenes\DebugMenu.h">
      <Filter>Header Files</Filter>
    </ClInclude>
    <ClInclude Include="src\core\WindowEventHandler.h">
      <Filter>Header Files</Filter>
    </ClInclude>
    <ClInclude Include="src\entities\behaviors\StairsBehavior.h">
      <Filter>Header Files</Filter>
    </ClInclude>
  </ItemGroup>
  <ItemGroup>
    <Text Include="todo.txt" />
    <Text Include="savegames\thumbs\readme.txt" />
  </ItemGroup>
  <ItemGroup>
    <ResourceCompile Include="GameTest.rc">
      <Filter>Resource Files</Filter>
    </ResourceCompile>
  </ItemGroup>
  <ItemGroup>
    <None Include="resources\shaders\crumble.fs" />
    <None Include="resources\settings.json" />
    <None Include="resources\enemies.json" />
    <None Include="resources\weapons.json" />
    <None Include="readme.md" />
    <None Include="LICENSE" />
    <None Include="resources\texts.json" />
    <None Include="resources\npcs.json" />
    <None Include="resources\particles.json" />
    <None Include="resources\shaders\light_mask.fs" />
    <None Include="src\readme.md" />
    <None Include="resources\shaders\vignette.fs" />
    <None Include="resources\shaders\light_mask_flicker.fs" />
    <None Include=".gitignore" />
    <None Include="resources\shaders\heartbeat.fs" />
    <None Include="resources\dungeons.json" />
  </ItemGroup>
  <ItemGroup>
    <Image Include="github\hero.gif">
      <Filter>Resource Files</Filter>
    </Image>
  </ItemGroup>
</Project>